// !$*UTF8*$!
{
	archiveVersion = 1;
	classes = {
	};
	objectVersion = 46;
	objects = {

/* Begin PBXBuildFile section */
		3205C07D1C1CDB6200C1F5B0 /* main.m in Sources */ = {isa = PBXBuildFile; fileRef = 3205C07C1C1CDB6200C1F5B0 /* main.m */; };
		3205C0DC1C1D523B00C1F5B0 /* Ladoga.framework in Frameworks */ = {isa = PBXBuildFile; fileRef = 3205C0DB1C1D523B00C1F5B0 /* Ladoga.framework */; };
		3235A2E51C1DE09100D522EE /* MyServerExample.m in Sources */ = {isa = PBXBuildFile; fileRef = 3235A2E41C1DE09100D522EE /* MyServerExample.m */; };
/* End PBXBuildFile section */

/* Begin PBXCopyFilesBuildPhase section */
		3205C0771C1CDB6200C1F5B0 /* CopyFiles */ = {
			isa = PBXCopyFilesBuildPhase;
			buildActionMask = 2147483647;
			dstPath = /usr/share/man/man1/;
			dstSubfolderSpec = 0;
			files = (
			);
			runOnlyForDeploymentPostprocessing = 1;
		};
/* End PBXCopyFilesBuildPhase section */

/* Begin PBXFileReference section */
		3205C0791C1CDB6200C1F5B0 /* LadogaExample */ = {isa = PBXFileReference; explicitFileType = "compiled.mach-o.executable"; includeInIndex = 0; path = LadogaExample; sourceTree = BUILT_PRODUCTS_DIR; };
		3205C07C1C1CDB6200C1F5B0 /* main.m */ = {isa = PBXFileReference; lastKnownFileType = sourcecode.c.objc; path = main.m; sourceTree = "<group>"; };
		3205C0DB1C1D523B00C1F5B0 /* Ladoga.framework */ = {isa = PBXFileReference; lastKnownFileType = wrapper.framework; name = Ladoga.framework; path = "../../../Library/Developer/Xcode/DerivedData/Ladoga-dknzhjwugrpxwlbeagmxacfdwsjs/Build/Products/Debug/Ladoga.framework"; sourceTree = "<group>"; };
		3235A2E31C1DE09100D522EE /* MyServerExample.h */ = {isa = PBXFileReference; fileEncoding = 4; lastKnownFileType = sourcecode.c.h; path = MyServerExample.h; sourceTree = "<group>"; };
		3235A2E41C1DE09100D522EE /* MyServerExample.m */ = {isa = PBXFileReference; fileEncoding = 4; lastKnownFileType = sourcecode.c.objc; path = MyServerExample.m; sourceTree = "<group>"; };
/* End PBXFileReference section */

/* Begin PBXFrameworksBuildPhase section */
		3205C0761C1CDB6200C1F5B0 /* Frameworks */ = {
			isa = PBXFrameworksBuildPhase;
			buildActionMask = 2147483647;
			files = (
				3205C0DC1C1D523B00C1F5B0 /* Ladoga.framework in Frameworks */,
			);
			runOnlyForDeploymentPostprocessing = 0;
		};
/* End PBXFrameworksBuildPhase section */

/* Begin PBXGroup section */
		3205C0701C1CDB6200C1F5B0 = {
			isa = PBXGroup;
			children = (
				3205C07B1C1CDB6200C1F5B0 /* LadogaExample */,
				3205C0DD1C1D524300C1F5B0 /* Frameworks */,
				3205C07A1C1CDB6200C1F5B0 /* Products */,
			);
			sourceTree = "<group>";
		};
		3205C07A1C1CDB6200C1F5B0 /* Products */ = {
			isa = PBXGroup;
			children = (
				3205C0791C1CDB6200C1F5B0 /* LadogaExample */,
			);
			name = Products;
			sourceTree = "<group>";
		};
		3205C07B1C1CDB6200C1F5B0 /* LadogaExample */ = {
			isa = PBXGroup;
			children = (
				3205C07C1C1CDB6200C1F5B0 /* main.m */,
				3235A2E31C1DE09100D522EE /* MyServerExample.h */,
				3235A2E41C1DE09100D522EE /* MyServerExample.m */,
			);
			path = LadogaExample;
			sourceTree = "<group>";
		};
		3205C0DD1C1D524300C1F5B0 /* Frameworks */ = {
			isa = PBXGroup;
			children = (
				3205C0DB1C1D523B00C1F5B0 /* Ladoga.framework */,
			);
			name = Frameworks;
			sourceTree = "<group>";
		};
/* End PBXGroup section */

/* Begin PBXNativeTarget section */
		3205C0781C1CDB6200C1F5B0 /* LadogaExample */ = {
			isa = PBXNativeTarget;
			buildConfigurationList = 3205C0801C1CDB6200C1F5B0 /* Build configuration list for PBXNativeTarget "LadogaExample" */;
			buildPhases = (
				3205C0751C1CDB6200C1F5B0 /* Sources */,
				3205C0761C1CDB6200C1F5B0 /* Frameworks */,
				3205C0771C1CDB6200C1F5B0 /* CopyFiles */,
			);
			buildRules = (
			);
			dependencies = (
			);
			name = LadogaExample;
			productName = LadogaExample;
			productReference = 3205C0791C1CDB6200C1F5B0 /* LadogaExample */;
			productType = "com.apple.product-type.tool";
		};
/* End PBXNativeTarget section */

/* Begin PBXProject section */
		3205C0711C1CDB6200C1F5B0 /* Project object */ = {
			isa = PBXProject;
			attributes = {
				LastUpgradeCheck = 0720;
				ORGANIZATIONNAME = "Alexander Perechnev";
				TargetAttributes = {
					3205C0781C1CDB6200C1F5B0 = {
						CreatedOnToolsVersion = 7.2;
					};
				};
			};
			buildConfigurationList = 3205C0741C1CDB6200C1F5B0 /* Build configuration list for PBXProject "LadogaExample" */;
			compatibilityVersion = "Xcode 3.2";
			developmentRegion = English;
			hasScannedForEncodings = 0;
			knownRegions = (
				en,
			);
			mainGroup = 3205C0701C1CDB6200C1F5B0;
			productRefGroup = 3205C07A1C1CDB6200C1F5B0 /* Products */;
			projectDirPath = "";
			projectRoot = "";
			targets = (
				3205C0781C1CDB6200C1F5B0 /* LadogaExample */,
			);
		};
/* End PBXProject section */

/* Begin PBXSourcesBuildPhase section */
		3205C0751C1CDB6200C1F5B0 /* Sources */ = {
			isa = PBXSourcesBuildPhase;
			buildActionMask = 2147483647;
			files = (
				3205C07D1C1CDB6200C1F5B0 /* main.m in Sources */,
				3235A2E51C1DE09100D522EE /* MyServerExample.m in Sources */,
			);
			runOnlyForDeploymentPostprocessing = 0;
		};
/* End PBXSourcesBuildPhase section */

/* Begin XCBuildConfiguration section */
		3205C07E1C1CDB6200C1F5B0 /* Debug */ = {
			isa = XCBuildConfiguration;
			buildSettings = {
				ALWAYS_SEARCH_USER_PATHS = NO;
				CLANG_CXX_LANGUAGE_STANDARD = "gnu++0x";
				CLANG_CXX_LIBRARY = "libc++";
				CLANG_ENABLE_MODULES = YES;
				CLANG_ENABLE_OBJC_ARC = YES;
				CLANG_WARN_BOOL_CONVERSION = YES;
				CLANG_WARN_CONSTANT_CONVERSION = YES;
				CLANG_WARN_DIRECT_OBJC_ISA_USAGE = YES_ERROR;
				CLANG_WARN_EMPTY_BODY = YES;
				CLANG_WARN_ENUM_CONVERSION = YES;
				CLANG_WARN_INT_CONVERSION = YES;
				CLANG_WARN_OBJC_ROOT_CLASS = YES_ERROR;
				CLANG_WARN_UNREACHABLE_CODE = YES;
				CLANG_WARN__DUPLICATE_METHOD_MATCH = YES;
				CODE_SIGN_IDENTITY = "-";
				COPY_PHASE_STRIP = NO;
				DEBUG_INFORMATION_FORMAT = dwarf;
				ENABLE_STRICT_OBJC_MSGSEND = YES;
				ENABLE_TESTABILITY = YES;
				FRAMEWORK_SEARCH_PATHS = "";
				GCC_C_LANGUAGE_STANDARD = gnu99;
				GCC_DYNAMIC_NO_PIC = NO;
				GCC_NO_COMMON_BLOCKS = YES;
				GCC_OPTIMIZATION_LEVEL = 0;
				GCC_PREPROCESSOR_DEFINITIONS = (
					"DEBUG=1",
					"$(inherited)",
				);
				GCC_WARN_64_TO_32_BIT_CONVERSION = YES;
				GCC_WARN_ABOUT_RETURN_TYPE = YES_ERROR;
				GCC_WARN_UNDECLARED_SELECTOR = YES;
				GCC_WARN_UNINITIALIZED_AUTOS = YES_AGGRESSIVE;
				GCC_WARN_UNUSED_FUNCTION = YES;
				GCC_WARN_UNUSED_VARIABLE = YES;
				MACOSX_DEPLOYMENT_TARGET = 10.11;
				MTL_ENABLE_DEBUG_INFO = YES;
				ONLY_ACTIVE_ARCH = YES;
				SDKROOT = macosx;
			};
			name = Debug;
		};
		3205C07F1C1CDB6200C1F5B0 /* Release */ = {
			isa = XCBuildConfiguration;
			buildSettings = {
				ALWAYS_SEARCH_USER_PATHS = NO;
				CLANG_CXX_LANGUAGE_STANDARD = "gnu++0x";
				CLANG_CXX_LIBRARY = "libc++";
				CLANG_ENABLE_MODULES = YES;
				CLANG_ENABLE_OBJC_ARC = YES;
				CLANG_WARN_BOOL_CONVERSION = YES;
				CLANG_WARN_CONSTANT_CONVERSION = YES;
				CLANG_WARN_DIRECT_OBJC_ISA_USAGE = YES_ERROR;
				CLANG_WARN_EMPTY_BODY = YES;
				CLANG_WARN_ENUM_CONVERSION = YES;
				CLANG_WARN_INT_CONVERSION = YES;
				CLANG_WARN_OBJC_ROOT_CLASS = YES_ERROR;
				CLANG_WARN_UNREACHABLE_CODE = YES;
				CLANG_WARN__DUPLICATE_METHOD_MATCH = YES;
				CODE_SIGN_IDENTITY = "-";
				COPY_PHASE_STRIP = NO;
				DEBUG_INFORMATION_FORMAT = "dwarf-with-dsym";
				ENABLE_NS_ASSERTIONS = NO;
				ENABLE_STRICT_OBJC_MSGSEND = YES;
				FRAMEWORK_SEARCH_PATHS = "";
				GCC_C_LANGUAGE_STANDARD = gnu99;
				GCC_NO_COMMON_BLOCKS = YES;
				GCC_WARN_64_TO_32_BIT_CONVERSION = YES;
				GCC_WARN_ABOUT_RETURN_TYPE = YES_ERROR;
				GCC_WARN_UNDECLARED_SELECTOR = YES;
				GCC_WARN_UNINITIALIZED_AUTOS = YES_AGGRESSIVE;
				GCC_WARN_UNUSED_FUNCTION = YES;
				GCC_WARN_UNUSED_VARIABLE = YES;
				MACOSX_DEPLOYMENT_TARGET = 10.11;
				MTL_ENABLE_DEBUG_INFO = NO;
				SDKROOT = macosx;
			};
			name = Release;
		};
		3205C0811C1CDB6200C1F5B0 /* Debug */ = {
			isa = XCBuildConfiguration;
			buildSettings = {
				PRODUCT_NAME = "$(TARGET_NAME)";
			};
			name = Debug;
		};
		3205C0821C1CDB6200C1F5B0 /* Release */ = {
			isa = XCBuildConfiguration;
			buildSettings = {
				PRODUCT_NAME = "$(TARGET_NAME)";
			};
			name = Release;
		};
/* End XCBuildConfiguration section */

/* Begin XCConfigurationList section */
		3205C0741C1CDB6200C1F5B0 /* Build configuration list for PBXProject "LadogaExample" */ = {
			isa = XCConfigurationList;
			buildConfigurations = (
				3205C07E1C1CDB6200C1F5B0 /* Debug */,
				3205C07F1C1CDB6200C1F5B0 /* Release */,
			);
			defaultConfigurationIsVisible = 0;
			defaultConfigurationName = Release;
		};
		3205C0801C1CDB6200C1F5B0 /* Build configuration list for PBXNativeTarget "LadogaExample" */ = {
			isa = XCConfigurationList;
			buildConfigurations = (
				3205C0811C1CDB6200C1F5B0 /* Debug */,
				3205C0821C1CDB6200C1F5B0 /* Release */,
			);
			defaultConfigurationIsVisible = 0;
			defaultConfigurationName = Release;
		};
/* End XCConfigurationList section */
	};
	rootObject = 3205C0711C1CDB6200C1F5B0 /* Project object */;
}
